
Microsoft Visual Studio Solution File, Format Version 12.00
# Visual Studio Version 16
VisualStudioVersion = 16.0.32413.511
MinimumVisualStudioVersion = 10.0.40219.1
Project("{FAE04EC0-301F-11D3-BF4B-00C04F79EFBC}") = "App Samuel", "App Samuel\App Samuel.csproj", "{0B9DDB69-5159-4D2D-826C-1AC0E10046DD}"
EndProject
Global
	GlobalSection(SolutionConfigurationPlatforms) = preSolution
		Debug|Any CPU = Debug|Any CPU
		Release|Any CPU = Release|Any CPU
	EndGlobalSection
	GlobalSection(ProjectConfigurationPlatforms) = postSolution
		{0B9DDB69-5159-4D2D-826C-1AC0E10046DD}.Debug|Any CPU.ActiveCfg = Debug|Any CPU
		{0B9DDB69-5159-4D2D-826C-1AC0E10046DD}.Debug|Any CPU.Build.0 = Debug|Any CPU
		{0B9DDB69-5159-4D2D-826C-1AC0E10046DD}.Release|Any CPU.ActiveCfg = Release|Any CPU
		{0B9DDB69-5159-4D2D-826C-1AC0E10046DD}.Release|Any CPU.Build.0 = Release|Any CPU
	EndGlobalSection
	GlobalSection(SolutionProperties) = preSolution
		HideSolutionNode = FALSE
	EndGlobalSection
	GlobalSection(ExtensibilityGlobals) = postSolution
		SolutionGuid = {98E82776-DF61-4EE7-9E56-8B4A20E83F2D}
	EndGlobalSection
EndGlobal
